
Microsoft Visual Studio Solution File, Format Version 12.00
# Visual Studio 15
Project("{FAE04EC0-301F-11D3-BF4B-00C04F79EFBC}") = "MobileSwipe", "MobileSwipe.csproj", "{F750C8AF-1993-105B-44DA-1652F0E22A2D}"
EndProject
Global
	GlobalSection(SolutionConfigurationPlatforms) = preSolution
		Debug|Any CPU = Debug|Any CPU
		Release|Any CPU = Release|Any CPU
	EndGlobalSection
	GlobalSection(ProjectConfigurationPlatforms) = postSolution
		{F750C8AF-1993-105B-44DA-1652F0E22A2D}.Debug|Any CPU.ActiveCfg = Debug|Any CPU
		{F750C8AF-1993-105B-44DA-1652F0E22A2D}.Debug|Any CPU.Build.0 = Debug|Any CPU
		{F750C8AF-1993-105B-44DA-1652F0E22A2D}.Release|Any CPU.ActiveCfg = Release|Any CPU
		{F750C8AF-1993-105B-44DA-1652F0E22A2D}.Release|Any CPU.Build.0 = Release|Any CPU
	EndGlobalSection
	GlobalSection(SolutionProperties) = preSolution
		HideSolutionNode = FALSE
	EndGlobalSection
EndGlobal
